
Microsoft Visual Studio Solution File, Format Version 12.00
# Visual Studio Version 17
VisualStudioVersion = 17.3.32922.545
MinimumVisualStudioVersion = 10.0.40219.1
Project("{FAE04EC0-301F-11D3-BF4B-00C04F79EFBC}") = "QuizAPI", "QuizAPI\QuizAPI.csproj", "{3C7583F0-372C-4024-9EBB-81388DC017EC}"
EndProject
Global
	GlobalSection(SolutionConfigurationPlatforms) = preSolution
		Debug|Any CPU = Debug|Any CPU
		Release|Any CPU = Release|Any CPU
	EndGlobalSection
	GlobalSection(ProjectConfigurationPlatforms) = postSolution
		{3C7583F0-372C-4024-9EBB-81388DC017EC}.Debug|Any CPU.ActiveCfg = Debug|Any CPU
		{3C7583F0-372C-4024-9EBB-81388DC017EC}.Debug|Any CPU.Build.0 = Debug|Any CPU
		{3C7583F0-372C-4024-9EBB-81388DC017EC}.Release|Any CPU.ActiveCfg = Release|Any CPU
		{3C7583F0-372C-4024-9EBB-81388DC017EC}.Release|Any CPU.Build.0 = Release|Any CPU
	EndGlobalSection
	GlobalSection(SolutionProperties) = preSolution
		HideSolutionNode = FALSE
	EndGlobalSection
	GlobalSection(ExtensibilityGlobals) = postSolution
		SolutionGuid = {D42AC64D-B9ED-4122-87F6-3913B1D0214D}
	EndGlobalSection
EndGlobal
